
Microsoft Visual Studio Solution File, Format Version 12.00
# Visual Studio Version 17
VisualStudioVersion = 17.3.32804.467
MinimumVisualStudioVersion = 10.0.40219.1
Project("{9A19103F-16F7-4668-BE54-9A1E7A4F7556}") = "ProtoBuffers", "ProtoBuffers\ProtoBuffers.csproj", "{E5F6A307-B52F-41F6-AAF7-E12D4867F0BC}"
EndProject
Global
	GlobalSection(SolutionConfigurationPlatforms) = preSolution
		Debug|Any CPU = Debug|Any CPU
		Release|Any CPU = Release|Any CPU
	EndGlobalSection
	GlobalSection(ProjectConfigurationPlatforms) = postSolution
		{E5F6A307-B52F-41F6-AAF7-E12D4867F0BC}.Debug|Any CPU.ActiveCfg = Debug|Any CPU
		{E5F6A307-B52F-41F6-AAF7-E12D4867F0BC}.Debug|Any CPU.Build.0 = Debug|Any CPU
		{E5F6A307-B52F-41F6-AAF7-E12D4867F0BC}.Release|Any CPU.ActiveCfg = Release|Any CPU
		{E5F6A307-B52F-41F6-AAF7-E12D4867F0BC}.Release|Any CPU.Build.0 = Release|Any CPU
	EndGlobalSection
	GlobalSection(SolutionProperties) = preSolution
		HideSolutionNode = FALSE
	EndGlobalSection
	GlobalSection(ExtensibilityGlobals) = postSolution
		SolutionGuid = {310C581F-390F-433B-BE27-A4821D535443}
	EndGlobalSection
EndGlobal
